
Microsoft Visual Studio Solution File, Format Version 12.00
# Visual Studio Version 17
VisualStudioVersion = 17.11.35312.102
MinimumVisualStudioVersion = 10.0.40219.1
Project("{9A19103F-16F7-4668-BE54-9A1E7A4F7556}") = "TravelStrategy", "TravelStrategy\TravelStrategy.csproj", "{43FD2A75-1578-436D-9ACB-FCAD0DD91EF7}"
EndProject
Project("{2150E333-8FDC-42A3-9474-1A3956D46DE8}") = "TravelPlanner", "TravelPlanner", "{E733E8A5-C1EA-4D57-9532-0D9F808613BD}"
EndProject
Project("{2150E333-8FDC-42A3-9474-1A3956D46DE8}") = "Strategy_Exercise_UML", "Strategy_Exercise_UML", "{B34513BA-2BBC-4B14-8F9C-56FFAE59DE5B}"
EndProject
Project("{9A19103F-16F7-4668-BE54-9A1E7A4F7556}") = "Strategy", "Strategy\Strategy.csproj", "{E0F66245-6031-4CD3-8EF5-27C6CF663CFC}"
EndProject
Project("{2150E333-8FDC-42A3-9474-1A3956D46DE8}") = "SimUDuck", "SimUDuck", "{D3FF9C47-C2BE-4803-AB8F-4406F7B63D44}"
EndProject
Project("{9A19103F-16F7-4668-BE54-9A1E7A4F7556}") = "SimUDuck", "SimUDuck\SimUDuck.csproj", "{D2E8E8FC-79F9-4ED6-B8E2-D18CF1349E4E}"
EndProject
Project("{2150E333-8FDC-42A3-9474-1A3956D46DE8}") = "SimUDuck_with_Interface", "SimUDuck_with_Interface", "{EDF39D9F-E477-4249-BCE8-2243080C3CAE}"
EndProject
Project("{FAE04EC0-301F-11D3-BF4B-00C04F79EFBC}") = "Refactored_Duck_app", "Refactored_Duck_app\Refactored_Duck_app.csproj", "{84CB8E99-B82A-4154-9B19-EA5934FE55C7}"
EndProject
Global
	GlobalSection(SolutionConfigurationPlatforms) = preSolution
		Debug|Any CPU = Debug|Any CPU
		Release|Any CPU = Release|Any CPU
	EndGlobalSection
	GlobalSection(ProjectConfigurationPlatforms) = postSolution
		{43FD2A75-1578-436D-9ACB-FCAD0DD91EF7}.Debug|Any CPU.ActiveCfg = Debug|Any CPU
		{43FD2A75-1578-436D-9ACB-FCAD0DD91EF7}.Debug|Any CPU.Build.0 = Debug|Any CPU
		{43FD2A75-1578-436D-9ACB-FCAD0DD91EF7}.Release|Any CPU.ActiveCfg = Release|Any CPU
		{43FD2A75-1578-436D-9ACB-FCAD0DD91EF7}.Release|Any CPU.Build.0 = Release|Any CPU
		{E0F66245-6031-4CD3-8EF5-27C6CF663CFC}.Debug|Any CPU.ActiveCfg = Debug|Any CPU
		{E0F66245-6031-4CD3-8EF5-27C6CF663CFC}.Debug|Any CPU.Build.0 = Debug|Any CPU
		{E0F66245-6031-4CD3-8EF5-27C6CF663CFC}.Release|Any CPU.ActiveCfg = Release|Any CPU
		{E0F66245-6031-4CD3-8EF5-27C6CF663CFC}.Release|Any CPU.Build.0 = Release|Any CPU
		{D2E8E8FC-79F9-4ED6-B8E2-D18CF1349E4E}.Debug|Any CPU.ActiveCfg = Debug|Any CPU
		{D2E8E8FC-79F9-4ED6-B8E2-D18CF1349E4E}.Debug|Any CPU.Build.0 = Debug|Any CPU
		{D2E8E8FC-79F9-4ED6-B8E2-D18CF1349E4E}.Release|Any CPU.ActiveCfg = Release|Any CPU
		{D2E8E8FC-79F9-4ED6-B8E2-D18CF1349E4E}.Release|Any CPU.Build.0 = Release|Any CPU
		{84CB8E99-B82A-4154-9B19-EA5934FE55C7}.Debug|Any CPU.ActiveCfg = Debug|Any CPU
		{84CB8E99-B82A-4154-9B19-EA5934FE55C7}.Debug|Any CPU.Build.0 = Debug|Any CPU
		{84CB8E99-B82A-4154-9B19-EA5934FE55C7}.Release|Any CPU.ActiveCfg = Release|Any CPU
		{84CB8E99-B82A-4154-9B19-EA5934FE55C7}.Release|Any CPU.Build.0 = Release|Any CPU
	EndGlobalSection
	GlobalSection(SolutionProperties) = preSolution
		HideSolutionNode = FALSE
	EndGlobalSection
	GlobalSection(NestedProjects) = preSolution
		{43FD2A75-1578-436D-9ACB-FCAD0DD91EF7} = {E733E8A5-C1EA-4D57-9532-0D9F808613BD}
		{E0F66245-6031-4CD3-8EF5-27C6CF663CFC} = {B34513BA-2BBC-4B14-8F9C-56FFAE59DE5B}
		{D2E8E8FC-79F9-4ED6-B8E2-D18CF1349E4E} = {D3FF9C47-C2BE-4803-AB8F-4406F7B63D44}
		{84CB8E99-B82A-4154-9B19-EA5934FE55C7} = {EDF39D9F-E477-4249-BCE8-2243080C3CAE}
	EndGlobalSection
	GlobalSection(ExtensibilityGlobals) = postSolution
		SolutionGuid = {3943E524-F3D3-4E39-BE1D-EC05688D50D8}
	EndGlobalSection
EndGlobal
